
Microsoft Visual Studio Solution File, Format Version 12.00
# Visual Studio Version 16
VisualStudioVersion = 16.0.31624.102
MinimumVisualStudioVersion = 10.0.40219.1
Project("{8BC9CEB8-8B4A-11D0-8D11-00A0C91BC942}") = "AssaultCubeCheat", "AssaultCubeCheat\AssaultCubeCheat.vcxproj", "{EB4FE73F-B2B2-4B9F-94EA-B5826F6C0760}"
EndProject
Global
	GlobalSection(SolutionConfigurationPlatforms) = preSolution
		Debug|x64 = Debug|x64
		Debug|x86 = Debug|x86
		Release|x64 = Release|x64
		Release|x86 = Release|x86
	EndGlobalSection
	GlobalSection(ProjectConfigurationPlatforms) = postSolution
		{EB4FE73F-B2B2-4B9F-94EA-B5826F6C0760}.Debug|x64.ActiveCfg = Debug|x64
		{EB4FE73F-B2B2-4B9F-94EA-B5826F6C0760}.Debug|x64.Build.0 = Debug|x64
		{EB4FE73F-B2B2-4B9F-94EA-B5826F6C0760}.Debug|x86.ActiveCfg = Debug|Win32
		{EB4FE73F-B2B2-4B9F-94EA-B5826F6C0760}.Debug|x86.Build.0 = Debug|Win32
		{EB4FE73F-B2B2-4B9F-94EA-B5826F6C0760}.Release|x64.ActiveCfg = Release|x64
		{EB4FE73F-B2B2-4B9F-94EA-B5826F6C0760}.Release|x64.Build.0 = Release|x64
		{EB4FE73F-B2B2-4B9F-94EA-B5826F6C0760}.Release|x86.ActiveCfg = Release|Win32
		{EB4FE73F-B2B2-4B9F-94EA-B5826F6C0760}.Release|x86.Build.0 = Release|Win32
	EndGlobalSection
	GlobalSection(SolutionProperties) = preSolution
		HideSolutionNode = FALSE
	EndGlobalSection
	GlobalSection(ExtensibilityGlobals) = postSolution
		SolutionGuid = {C413F4FA-D46B-4A54-ADD2-8ADB794BB44A}
	EndGlobalSection
EndGlobal
